
Microsoft Visual Studio Solution File, Format Version 12.00
# Visual Studio Version 17
VisualStudioVersion = 17.8.34330.188
MinimumVisualStudioVersion = 10.0.40219.1
Project("{FAE04EC0-301F-11D3-BF4B-00C04F79EFBC}") = "FlightManagementSystem", "FlightManagementSystem\FlightManagementSystem.csproj", "{C1991BDC-9163-4A2B-90E4-FA8BA241DEDE}"
EndProject
Global
	GlobalSection(SolutionConfigurationPlatforms) = preSolution
		Debug|Any CPU = Debug|Any CPU
		Release|Any CPU = Release|Any CPU
	EndGlobalSection
	GlobalSection(ProjectConfigurationPlatforms) = postSolution
		{C1991BDC-9163-4A2B-90E4-FA8BA241DEDE}.Debug|Any CPU.ActiveCfg = Debug|Any CPU
		{C1991BDC-9163-4A2B-90E4-FA8BA241DEDE}.Debug|Any CPU.Build.0 = Debug|Any CPU
		{C1991BDC-9163-4A2B-90E4-FA8BA241DEDE}.Release|Any CPU.ActiveCfg = Release|Any CPU
		{C1991BDC-9163-4A2B-90E4-FA8BA241DEDE}.Release|Any CPU.Build.0 = Release|Any CPU
	EndGlobalSection
	GlobalSection(SolutionProperties) = preSolution
		HideSolutionNode = FALSE
	EndGlobalSection
	GlobalSection(ExtensibilityGlobals) = postSolution
		SolutionGuid = {A0EE7F1C-F1A8-43B5-9905-2E858AE52B1E}
	EndGlobalSection
EndGlobal
